
Microsoft Visual Studio Solution File, Format Version 12.00
# Visual Studio 15
VisualStudioVersion = 15.0.28307.329
MinimumVisualStudioVersion = 10.0.40219.1
Project("{FAE04EC0-301F-11D3-BF4B-00C04F79EFBC}") = "Calculator Project", "Calculator Project\Calculator Project.csproj", "{F1A34CFD-D7C1-42C1-9E1A-ACE67260CD07}"
EndProject
Project("{FAE04EC0-301F-11D3-BF4B-00C04F79EFBC}") = "Calculation.Tests", "Calculation.Tests\Calculation.Tests.csproj", "{41188904-EB26-406E-B54A-DA9867F51CF5}"
EndProject
Global
	GlobalSection(SolutionConfigurationPlatforms) = preSolution
		Debug|Any CPU = Debug|Any CPU
		Release|Any CPU = Release|Any CPU
	EndGlobalSection
	GlobalSection(ProjectConfigurationPlatforms) = postSolution
		{F1A34CFD-D7C1-42C1-9E1A-ACE67260CD07}.Debug|Any CPU.ActiveCfg = Debug|Any CPU
		{F1A34CFD-D7C1-42C1-9E1A-ACE67260CD07}.Debug|Any CPU.Build.0 = Debug|Any CPU
		{F1A34CFD-D7C1-42C1-9E1A-ACE67260CD07}.Release|Any CPU.ActiveCfg = Release|Any CPU
		{F1A34CFD-D7C1-42C1-9E1A-ACE67260CD07}.Release|Any CPU.Build.0 = Release|Any CPU
		{41188904-EB26-406E-B54A-DA9867F51CF5}.Debug|Any CPU.ActiveCfg = Debug|Any CPU
		{41188904-EB26-406E-B54A-DA9867F51CF5}.Debug|Any CPU.Build.0 = Debug|Any CPU
		{41188904-EB26-406E-B54A-DA9867F51CF5}.Release|Any CPU.ActiveCfg = Release|Any CPU
		{41188904-EB26-406E-B54A-DA9867F51CF5}.Release|Any CPU.Build.0 = Release|Any CPU
	EndGlobalSection
	GlobalSection(SolutionProperties) = preSolution
		HideSolutionNode = FALSE
	EndGlobalSection
	GlobalSection(ExtensibilityGlobals) = postSolution
		SolutionGuid = {F491DCD6-2598-49BA-8D75-76FBD601B735}
	EndGlobalSection
EndGlobal
